Microsoft Visual Studio Solution File, Format Version 8.00
Project("{F184B08F-C81C-45F6-A57F-5ABD9991F28F}") = "TestingWizard", "TestingWizard.vbproj", "{5F1C5B17-5371-4784-B531-7A9E4DB7AE16}"
	ProjectSection(ProjectDependencies) = postProject
	EndProjectSection
EndProject
Global
	GlobalSection(SolutionConfiguration) = preSolution
		Debug = Debug
		Release = Release
	EndGlobalSection
	GlobalSection(ProjectConfiguration) = postSolution
		{5F1C5B17-5371-4784-B531-7A9E4DB7AE16}.Debug.ActiveCfg = Debug|.NET
		{5F1C5B17-5371-4784-B531-7A9E4DB7AE16}.Debug.Build.0 = Debug|.NET
		{5F1C5B17-5371-4784-B531-7A9E4DB7AE16}.Release.ActiveCfg = Release|.NET
		{5F1C5B17-5371-4784-B531-7A9E4DB7AE16}.Release.Build.0 = Release|.NET
	EndGlobalSection
	GlobalSection(ExtensibilityGlobals) = postSolution
	EndGlobalSection
	GlobalSection(ExtensibilityAddIns) = postSolution
	EndGlobalSection
EndGlobal
